
Microsoft Visual Studio Solution File, Format Version 12.00
# Visual Studio 15
VisualStudioVersion = 15.0.28307.852
MinimumVisualStudioVersion = 10.0.40219.1
Project("{FAE04EC0-301F-11D3-BF4B-00C04F79EFBC}") = "Chapter_2_XamlExamples.Android", "Chapter_2_XamlExamples\Chapter_2_XamlExamples.Android\Chapter_2_XamlExamples.Android.csproj", "{B2AD9329-C95E-4883-906A-FBAFB5DAE51D}"
EndProject
Project("{FAE04EC0-301F-11D3-BF4B-00C04F79EFBC}") = "Chapter_2_XamlExamples.iOS", "Chapter_2_XamlExamples\Chapter_2_XamlExamples.iOS\Chapter_2_XamlExamples.iOS.csproj", "{DD238E59-B03C-4DF6-B5C3-8125C73C4D67}"
EndProject
Project("{FAE04EC0-301F-11D3-BF4B-00C04F79EFBC}") = "Chapter_2_XamlExamples", "Chapter_2_XamlExamples\Chapter_2_XamlExamples\Chapter_2_XamlExamples.csproj", "{8EED9DBD-3A1F-44FC-BEA0-86DCAACFBD0C}"
EndProject
Global
	GlobalSection(SolutionConfigurationPlatforms) = preSolution
		Ad-Hoc|Any CPU = Ad-Hoc|Any CPU
		Ad-Hoc|iPhone = Ad-Hoc|iPhone
		Ad-Hoc|iPhoneSimulator = Ad-Hoc|iPhoneSimulator
		AppStore|Any CPU = AppStore|Any CPU
		AppStore|iPhone = AppStore|iPhone
		AppStore|iPhoneSimulator = AppStore|iPhoneSimulator
		Debug|Any CPU = Debug|Any CPU
		Debug|iPhone = Debug|iPhone
		Debug|iPhoneSimulator = Debug|iPhoneSimulator
		Release|Any CPU = Release|Any CPU
		Release|iPhone = Release|iPhone
		Release|iPhoneSimulator = Release|iPhoneSimulator
	EndGlobalSection
	GlobalSection(ProjectConfigurationPlatforms) = postSolution
		{B2AD9329-C95E-4883-906A-FBAFB5DAE51D}.Ad-Hoc|Any CPU.ActiveCfg = Release|Any CPU
		{B2AD9329-C95E-4883-906A-FBAFB5DAE51D}.Ad-Hoc|Any CPU.Build.0 = Release|Any CPU
		{B2AD9329-C95E-4883-906A-FBAFB5DAE51D}.Ad-Hoc|Any CPU.Deploy.0 = Release|Any CPU
		{B2AD9329-C95E-4883-906A-FBAFB5DAE51D}.Ad-Hoc|iPhone.ActiveCfg = Release|Any CPU
		{B2AD9329-C95E-4883-906A-FBAFB5DAE51D}.Ad-Hoc|iPhone.Build.0 = Release|Any CPU
		{B2AD9329-C95E-4883-906A-FBAFB5DAE51D}.Ad-Hoc|iPhone.Deploy.0 = Release|Any CPU
		{B2AD9329-C95E-4883-906A-FBAFB5DAE51D}.Ad-Hoc|iPhoneSimulator.ActiveCfg = Release|Any CPU
		{B2AD9329-C95E-4883-906A-FBAFB5DAE51D}.Ad-Hoc|iPhoneSimulator.Build.0 = Release|Any CPU
		{B2AD9329-C95E-4883-906A-FBAFB5DAE51D}.Ad-Hoc|iPhoneSimulator.Deploy.0 = Release|Any CPU
		{B2AD9329-C95E-4883-906A-FBAFB5DAE51D}.AppStore|Any CPU.ActiveCfg = Release|Any CPU
		{B2AD9329-C95E-4883-906A-FBAFB5DAE51D}.AppStore|Any CPU.Build.0 = Release|Any CPU
		{B2AD9329-C95E-4883-906A-FBAFB5DAE51D}.AppStore|Any CPU.Deploy.0 = Release|Any CPU
		{B2AD9329-C95E-4883-906A-FBAFB5DAE51D}.AppStore|iPhone.ActiveCfg = Release|Any CPU
		{B2AD9329-C95E-4883-906A-FBAFB5DAE51D}.AppStore|iPhone.Build.0 = Release|Any CPU
		{B2AD9329-C95E-4883-906A-FBAFB5DAE51D}.AppStore|iPhone.Deploy.0 = Release|Any CPU
		{B2AD9329-C95E-4883-906A-FBAFB5DAE51D}.AppStore|iPhoneSimulator.ActiveCfg = Release|Any CPU
		{B2AD9329-C95E-4883-906A-FBAFB5DAE51D}.AppStore|iPhoneSimulator.Build.0 = Release|Any CPU
		{B2AD9329-C95E-4883-906A-FBAFB5DAE51D}.AppStore|iPhoneSimulator.Deploy.0 = Release|Any CPU
		{B2AD9329-C95E-4883-906A-FBAFB5DAE51D}.Debug|Any CPU.ActiveCfg = Debug|Any CPU
		{B2AD9329-C95E-4883-906A-FBAFB5DAE51D}.Debug|Any CPU.Build.0 = Debug|Any CPU
		{B2AD9329-C95E-4883-906A-FBAFB5DAE51D}.Debug|Any CPU.Deploy.0 = Debug|Any CPU
		{B2AD9329-C95E-4883-906A-FBAFB5DAE51D}.Debug|iPhone.ActiveCfg = Debug|Any CPU
		{B2AD9329-C95E-4883-906A-FBAFB5DAE51D}.Debug|iPhone.Build.0 = Debug|Any CPU
		{B2AD9329-C95E-4883-906A-FBAFB5DAE51D}.Debug|iPhone.Deploy.0 = Debug|Any CPU
		{B2AD9329-C95E-4883-906A-FBAFB5DAE51D}.Debug|iPhoneSimulator.ActiveCfg = Debug|Any CPU
		{B2AD9329-C95E-4883-906A-FBAFB5DAE51D}.Debug|iPhoneSimulator.Build.0 = Debug|Any CPU
		{B2AD9329-C95E-4883-906A-FBAFB5DAE51D}.Debug|iPhoneSimulator.Deploy.0 = Debug|Any CPU
		{B2AD9329-C95E-4883-906A-FBAFB5DAE51D}.Release|Any CPU.ActiveCfg = Release|Any CPU
		{B2AD9329-C95E-4883-906A-FBAFB5DAE51D}.Release|Any CPU.Build.0 = Release|Any CPU
		{B2AD9329-C95E-4883-906A-FBAFB5DAE51D}.Release|Any CPU.Deploy.0 = Release|Any CPU
		{B2AD9329-C95E-4883-906A-FBAFB5DAE51D}.Release|iPhone.ActiveCfg = Release|Any CPU
		{B2AD9329-C95E-4883-906A-FBAFB5DAE51D}.Release|iPhone.Build.0 = Release|Any CPU
		{B2AD9329-C95E-4883-906A-FBAFB5DAE51D}.Release|iPhone.Deploy.0 = Release|Any CPU
		{B2AD9329-C95E-4883-906A-FBAFB5DAE51D}.Release|iPhoneSimulator.ActiveCfg = Release|Any CPU
		{B2AD9329-C95E-4883-906A-FBAFB5DAE51D}.Release|iPhoneSimulator.Build.0 = Release|Any CPU
		{B2AD9329-C95E-4883-906A-FBAFB5DAE51D}.Release|iPhoneSimulator.Deploy.0 = Release|Any CPU
		{DD238E59-B03C-4DF6-B5C3-8125C73C4D67}.Ad-Hoc|Any CPU.ActiveCfg = Ad-Hoc|iPhone
		{DD238E59-B03C-4DF6-B5C3-8125C73C4D67}.Ad-Hoc|Any CPU.Build.0 = Ad-Hoc|iPhone
		{DD238E59-B03C-4DF6-B5C3-8125C73C4D67}.Ad-Hoc|Any CPU.Deploy.0 = Ad-Hoc|iPhone
		{DD238E59-B03C-4DF6-B5C3-8125C73C4D67}.Ad-Hoc|iPhone.ActiveCfg = Ad-Hoc|iPhone
		{DD238E59-B03C-4DF6-B5C3-8125C73C4D67}.Ad-Hoc|iPhone.Build.0 = Ad-Hoc|iPhone
		{DD238E59-B03C-4DF6-B5C3-8125C73C4D67}.Ad-Hoc|iPhone.Deploy.0 = Ad-Hoc|iPhone
		{DD238E59-B03C-4DF6-B5C3-8125C73C4D67}.Ad-Hoc|iPhoneSimulator.ActiveCfg = Ad-Hoc|iPhoneSimulator
		{DD238E59-B03C-4DF6-B5C3-8125C73C4D67}.Ad-Hoc|iPhoneSimulator.Build.0 = Ad-Hoc|iPhoneSimulator
		{DD238E59-B03C-4DF6-B5C3-8125C73C4D67}.Ad-Hoc|iPhoneSimulator.Deploy.0 = Ad-Hoc|iPhoneSimulator
		{DD238E59-B03C-4DF6-B5C3-8125C73C4D67}.AppStore|Any CPU.ActiveCfg = AppStore|iPhone
		{DD238E59-B03C-4DF6-B5C3-8125C73C4D67}.AppStore|Any CPU.Build.0 = AppStore|iPhone
		{DD238E59-B03C-4DF6-B5C3-8125C73C4D67}.AppStore|Any CPU.Deploy.0 = AppStore|iPhone
		{DD238E59-B03C-4DF6-B5C3-8125C73C4D67}.AppStore|iPhone.ActiveCfg = AppStore|iPhone
		{DD238E59-B03C-4DF6-B5C3-8125C73C4D67}.AppStore|iPhone.Build.0 = AppStore|iPhone
		{DD238E59-B03C-4DF6-B5C3-8125C73C4D67}.AppStore|iPhone.Deploy.0 = AppStore|iPhone
		{DD238E59-B03C-4DF6-B5C3-8125C73C4D67}.AppStore|iPhoneSimulator.ActiveCfg = AppStore|iPhoneSimulator
		{DD238E59-B03C-4DF6-B5C3-8125C73C4D67}.AppStore|iPhoneSimulator.Build.0 = AppStore|iPhoneSimulator
		{DD238E59-B03C-4DF6-B5C3-8125C73C4D67}.AppStore|iPhoneSimulator.Deploy.0 = AppStore|iPhoneSimulator
		{DD238E59-B03C-4DF6-B5C3-8125C73C4D67}.Debug|Any CPU.ActiveCfg = Debug|iPhoneSimulator
		{DD238E59-B03C-4DF6-B5C3-8125C73C4D67}.Debug|Any CPU.Build.0 = Debug|iPhoneSimulator
		{DD238E59-B03C-4DF6-B5C3-8125C73C4D67}.Debug|Any CPU.Deploy.0 = Debug|iPhoneSimulator
		{DD238E59-B03C-4DF6-B5C3-8125C73C4D67}.Debug|iPhone.ActiveCfg = Debug|iPhone
		{DD238E59-B03C-4DF6-B5C3-8125C73C4D67}.Debug|iPhone.Build.0 = Debug|iPhone
		{DD238E59-B03C-4DF6-B5C3-8125C73C4D67}.Debug|iPhone.Deploy.0 = Debug|iPhone
		{DD238E59-B03C-4DF6-B5C3-8125C73C4D67}.Debug|iPhoneSimulator.ActiveCfg = Debug|iPhoneSimulator
		{DD238E59-B03C-4DF6-B5C3-8125C73C4D67}.Debug|iPhoneSimulator.Build.0 = Debug|iPhoneSimulator
		{DD238E59-B03C-4DF6-B5C3-8125C73C4D67}.Debug|iPhoneSimulator.Deploy.0 = Debug|iPhoneSimulator
		{DD238E59-B03C-4DF6-B5C3-8125C73C4D67}.Release|Any CPU.ActiveCfg = Release|iPhone
		{DD238E59-B03C-4DF6-B5C3-8125C73C4D67}.Release|Any CPU.Build.0 = Release|iPhone
		{DD238E59-B03C-4DF6-B5C3-8125C73C4D67}.Release|Any CPU.Deploy.0 = Release|iPhone
		{DD238E59-B03C-4DF6-B5C3-8125C73C4D67}.Release|iPhone.ActiveCfg = Release|iPhone
		{DD238E59-B03C-4DF6-B5C3-8125C73C4D67}.Release|iPhone.Build.0 = Release|iPhone
		{DD238E59-B03C-4DF6-B5C3-8125C73C4D67}.Release|iPhone.Deploy.0 = Release|iPhone
		{DD238E59-B03C-4DF6-B5C3-8125C73C4D67}.Release|iPhoneSimulator.ActiveCfg = Release|iPhoneSimulator
		{DD238E59-B03C-4DF6-B5C3-8125C73C4D67}.Release|iPhoneSimulator.Build.0 = Release|iPhoneSimulator
		{DD238E59-B03C-4DF6-B5C3-8125C73C4D67}.Release|iPhoneSimulator.Deploy.0 = Release|iPhoneSimulator
		{8EED9DBD-3A1F-44FC-BEA0-86DCAACFBD0C}.Ad-Hoc|Any CPU.ActiveCfg = Debug|Any CPU
		{8EED9DBD-3A1F-44FC-BEA0-86DCAACFBD0C}.Ad-Hoc|Any CPU.Build.0 = Debug|Any CPU
		{8EED9DBD-3A1F-44FC-BEA0-86DCAACFBD0C}.Ad-Hoc|Any CPU.Deploy.0 = Debug|Any CPU
		{8EED9DBD-3A1F-44FC-BEA0-86DCAACFBD0C}.Ad-Hoc|iPhone.ActiveCfg = Debug|Any CPU
		{8EED9DBD-3A1F-44FC-BEA0-86DCAACFBD0C}.Ad-Hoc|iPhone.Build.0 = Debug|Any CPU
		{8EED9DBD-3A1F-44FC-BEA0-86DCAACFBD0C}.Ad-Hoc|iPhone.Deploy.0 = Debug|Any CPU
		{8EED9DBD-3A1F-44FC-BEA0-86DCAACFBD0C}.Ad-Hoc|iPhoneSimulator.ActiveCfg = Debug|Any CPU
		{8EED9DBD-3A1F-44FC-BEA0-86DCAACFBD0C}.Ad-Hoc|iPhoneSimulator.Build.0 = Debug|Any CPU
		{8EED9DBD-3A1F-44FC-BEA0-86DCAACFBD0C}.Ad-Hoc|iPhoneSimulator.Deploy.0 = Debug|Any CPU
		{8EED9DBD-3A1F-44FC-BEA0-86DCAACFBD0C}.AppStore|Any CPU.ActiveCfg = Debug|Any CPU
		{8EED9DBD-3A1F-44FC-BEA0-86DCAACFBD0C}.AppStore|Any CPU.Build.0 = Debug|Any CPU
		{8EED9DBD-3A1F-44FC-BEA0-86DCAACFBD0C}.AppStore|Any CPU.Deploy.0 = Debug|Any CPU
		{8EED9DBD-3A1F-44FC-BEA0-86DCAACFBD0C}.AppStore|iPhone.ActiveCfg = Debug|Any CPU
		{8EED9DBD-3A1F-44FC-BEA0-86DCAACFBD0C}.AppStore|iPhone.Build.0 = Debug|Any CPU
		{8EED9DBD-3A1F-44FC-BEA0-86DCAACFBD0C}.AppStore|iPhone.Deploy.0 = Debug|Any CPU
		{8EED9DBD-3A1F-44FC-BEA0-86DCAACFBD0C}.AppStore|iPhoneSimulator.ActiveCfg = Debug|Any CPU
		{8EED9DBD-3A1F-44FC-BEA0-86DCAACFBD0C}.AppStore|iPhoneSimulator.Build.0 = Debug|Any CPU
		{8EED9DBD-3A1F-44FC-BEA0-86DCAACFBD0C}.AppStore|iPhoneSimulator.Deploy.0 = Debug|Any CPU
		{8EED9DBD-3A1F-44FC-BEA0-86DCAACFBD0C}.Debug|Any CPU.ActiveCfg = Debug|Any CPU
		{8EED9DBD-3A1F-44FC-BEA0-86DCAACFBD0C}.Debug|Any CPU.Build.0 = Debug|Any CPU
		{8EED9DBD-3A1F-44FC-BEA0-86DCAACFBD0C}.Debug|Any CPU.Deploy.0 = Debug|Any CPU
		{8EED9DBD-3A1F-44FC-BEA0-86DCAACFBD0C}.Debug|iPhone.ActiveCfg = Debug|Any CPU
		{8EED9DBD-3A1F-44FC-BEA0-86DCAACFBD0C}.Debug|iPhone.Build.0 = Debug|Any CPU
		{8EED9DBD-3A1F-44FC-BEA0-86DCAACFBD0C}.Debug|iPhone.Deploy.0 = Debug|Any CPU
		{8EED9DBD-3A1F-44FC-BEA0-86DCAACFBD0C}.Debug|iPhoneSimulator.ActiveCfg = Debug|Any CPU
		{8EED9DBD-3A1F-44FC-BEA0-86DCAACFBD0C}.Debug|iPhoneSimulator.Build.0 = Debug|Any CPU
		{8EED9DBD-3A1F-44FC-BEA0-86DCAACFBD0C}.Debug|iPhoneSimulator.Deploy.0 = Debug|Any CPU
		{8EED9DBD-3A1F-44FC-BEA0-86DCAACFBD0C}.Release|Any CPU.ActiveCfg = Release|Any CPU
		{8EED9DBD-3A1F-44FC-BEA0-86DCAACFBD0C}.Release|Any CPU.Build.0 = Release|Any CPU
		{8EED9DBD-3A1F-44FC-BEA0-86DCAACFBD0C}.Release|Any CPU.Deploy.0 = Release|Any CPU
		{8EED9DBD-3A1F-44FC-BEA0-86DCAACFBD0C}.Release|iPhone.ActiveCfg = Release|Any CPU
		{8EED9DBD-3A1F-44FC-BEA0-86DCAACFBD0C}.Release|iPhone.Build.0 = Release|Any CPU
		{8EED9DBD-3A1F-44FC-BEA0-86DCAACFBD0C}.Release|iPhone.Deploy.0 = Release|Any CPU
		{8EED9DBD-3A1F-44FC-BEA0-86DCAACFBD0C}.Release|iPhoneSimulator.ActiveCfg = Release|Any CPU
		{8EED9DBD-3A1F-44FC-BEA0-86DCAACFBD0C}.Release|iPhoneSimulator.Build.0 = Release|Any CPU
		{8EED9DBD-3A1F-44FC-BEA0-86DCAACFBD0C}.Release|iPhoneSimulator.Deploy.0 = Release|Any CPU
	EndGlobalSection
	GlobalSection(SolutionProperties) = preSolution
		HideSolutionNode = FALSE
	EndGlobalSection
	GlobalSection(ExtensibilityGlobals) = postSolution
		SolutionGuid = {99ED9F5F-E2D0-4EAD-9EB6-67EF8EC4CC4B}
	EndGlobalSection
EndGlobal
